
Microsoft Visual Studio Solution File, Format Version 12.00
# Visual Studio Version 17
VisualStudioVersion = 17.9.34728.123
MinimumVisualStudioVersion = 10.0.40219.1
Project("{9A19103F-16F7-4668-BE54-9A1E7A4F7556}") = "ItauFunctions.Api.Implementation.Domain", "ItauFunctions.Api.Implementation.Domain\ItauFunctions.Api.Implementation.Domain.csproj", "{4ABDE66B-6FB1-4062-ADB3-1B19DE9BF57B}"
EndProject
Project("{9A19103F-16F7-4668-BE54-9A1E7A4F7556}") = "ItauFunctions.Api.Implementation", "ItauFunctions.Api.Implementation\ItauFunctions.Api.Implementation.csproj", "{D4FAE12A-5285-442B-89FD-1F60A7F7174C}"
EndProject
Project("{9A19103F-16F7-4668-BE54-9A1E7A4F7556}") = "ItauFunctions.Api.Implementation.Infrastructure", "ItauFunctions.Api.Implementation.Infrastructure\ItauFunctions.Api.Implementation.Infrastructure.csproj", "{15F93743-2A73-43DC-95B4-926B9978DCFB}"
EndProject
Project("{FAE04EC0-301F-11D3-BF4B-00C04F79EFBC}") = "ItauFunctions.Kafka.Implementation", "ItauFunctions.Kafka.Implementation\ItauFunctions.Kafka.Implementation.csproj", "{0E73F50F-86BB-41E3-88D2-F4521F3FFE62}"
EndProject
Global
	GlobalSection(SolutionConfigurationPlatforms) = preSolution
		Debug|Any CPU = Debug|Any CPU
		Release|Any CPU = Release|Any CPU
	EndGlobalSection
	GlobalSection(ProjectConfigurationPlatforms) = postSolution
		{4ABDE66B-6FB1-4062-ADB3-1B19DE9BF57B}.Debug|Any CPU.ActiveCfg = Debug|Any CPU
		{4ABDE66B-6FB1-4062-ADB3-1B19DE9BF57B}.Debug|Any CPU.Build.0 = Debug|Any CPU
		{4ABDE66B-6FB1-4062-ADB3-1B19DE9BF57B}.Release|Any CPU.ActiveCfg = Release|Any CPU
		{4ABDE66B-6FB1-4062-ADB3-1B19DE9BF57B}.Release|Any CPU.Build.0 = Release|Any CPU
		{D4FAE12A-5285-442B-89FD-1F60A7F7174C}.Debug|Any CPU.ActiveCfg = Debug|Any CPU
		{D4FAE12A-5285-442B-89FD-1F60A7F7174C}.Debug|Any CPU.Build.0 = Debug|Any CPU
		{D4FAE12A-5285-442B-89FD-1F60A7F7174C}.Release|Any CPU.ActiveCfg = Release|Any CPU
		{D4FAE12A-5285-442B-89FD-1F60A7F7174C}.Release|Any CPU.Build.0 = Release|Any CPU
		{15F93743-2A73-43DC-95B4-926B9978DCFB}.Debug|Any CPU.ActiveCfg = Debug|Any CPU
		{15F93743-2A73-43DC-95B4-926B9978DCFB}.Debug|Any CPU.Build.0 = Debug|Any CPU
		{15F93743-2A73-43DC-95B4-926B9978DCFB}.Release|Any CPU.ActiveCfg = Release|Any CPU
		{15F93743-2A73-43DC-95B4-926B9978DCFB}.Release|Any CPU.Build.0 = Release|Any CPU
		{0E73F50F-86BB-41E3-88D2-F4521F3FFE62}.Debug|Any CPU.ActiveCfg = Debug|Any CPU
		{0E73F50F-86BB-41E3-88D2-F4521F3FFE62}.Debug|Any CPU.Build.0 = Debug|Any CPU
		{0E73F50F-86BB-41E3-88D2-F4521F3FFE62}.Release|Any CPU.ActiveCfg = Release|Any CPU
		{0E73F50F-86BB-41E3-88D2-F4521F3FFE62}.Release|Any CPU.Build.0 = Release|Any CPU
	EndGlobalSection
	GlobalSection(SolutionProperties) = preSolution
		HideSolutionNode = FALSE
	EndGlobalSection
	GlobalSection(ExtensibilityGlobals) = postSolution
		SolutionGuid = {1F03CF83-6A6C-4E7F-B3ED-089D9585EFD7}
	EndGlobalSection
EndGlobal
